
Microsoft Visual Studio Solution File, Format Version 12.00
# Visual Studio 14
VisualStudioVersion = 14.0.23107.0
MinimumVisualStudioVersion = 10.0.40219.1
Project("{FAE04EC0-301F-11D3-BF4B-00C04F79EFBC}") = "01ConditionalStatementsExercises", "ConditionalStatementsExercises\01ConditionalStatementsExercises.csproj", "{E04F49EF-17B0-4E52-BA2E-472EF72BAD64}"
EndProject
Project("{FAE04EC0-301F-11D3-BF4B-00C04F79EFBC}") = "02ConditionalStatementsExercises", "02ConditionalStatementsExercises\02ConditionalStatementsExercises.csproj", "{58EFB3A3-DE45-4308-9D80-D1ABBCCFC5F4}"
EndProject
Global
	GlobalSection(SolutionConfigurationPlatforms) = preSolution
		Debug|Any CPU = Debug|Any CPU
		Release|Any CPU = Release|Any CPU
	EndGlobalSection
	GlobalSection(ProjectConfigurationPlatforms) = postSolution
		{E04F49EF-17B0-4E52-BA2E-472EF72BAD64}.Debug|Any CPU.ActiveCfg = Debug|Any CPU
		{E04F49EF-17B0-4E52-BA2E-472EF72BAD64}.Debug|Any CPU.Build.0 = Debug|Any CPU
		{E04F49EF-17B0-4E52-BA2E-472EF72BAD64}.Release|Any CPU.ActiveCfg = Release|Any CPU
		{E04F49EF-17B0-4E52-BA2E-472EF72BAD64}.Release|Any CPU.Build.0 = Release|Any CPU
		{58EFB3A3-DE45-4308-9D80-D1ABBCCFC5F4}.Debug|Any CPU.ActiveCfg = Debug|Any CPU
		{58EFB3A3-DE45-4308-9D80-D1ABBCCFC5F4}.Debug|Any CPU.Build.0 = Debug|Any CPU
		{58EFB3A3-DE45-4308-9D80-D1ABBCCFC5F4}.Release|Any CPU.ActiveCfg = Release|Any CPU
		{58EFB3A3-DE45-4308-9D80-D1ABBCCFC5F4}.Release|Any CPU.Build.0 = Release|Any CPU
	EndGlobalSection
	GlobalSection(SolutionProperties) = preSolution
		HideSolutionNode = FALSE
	EndGlobalSection
EndGlobal
