
Microsoft Visual Studio Solution File, Format Version 12.00
# Visual Studio 14
VisualStudioVersion = 14.0.24720.0
MinimumVisualStudioVersion = 10.0.40219.1
Project("{FAE04EC0-301F-11D3-BF4B-00C04F79EFBC}") = "01Exercise", "01Exercise\01Exercise.csproj", "{0C77AD05-8118-450F-A84B-08607A0E7215}"
EndProject
Project("{FAE04EC0-301F-11D3-BF4B-00C04F79EFBC}") = "02ExercoseBigintRANDOM", "02Exercose\02ExercoseBigintRANDOM.csproj", "{0AC732BD-873B-47F5-937C-F850BF859BF6}"
EndProject
Project("{FAE04EC0-301F-11D3-BF4B-00C04F79EFBC}") = "03DayOfWeek", "03Exercise\03DayOfWeek.csproj", "{065FFF18-F3F1-46F3-B9FC-B4DF7AEBFB2A}"
EndProject
Project("{FAE04EC0-301F-11D3-BF4B-00C04F79EFBC}") = "04RandomizeWords", "02RandomizeWords\04RandomizeWords.csproj", "{BC0B29AA-291D-4BA6-9A86-590870874036}"
EndProject
Project("{FAE04EC0-301F-11D3-BF4B-00C04F79EFBC}") = "05Bigfactorial", "05Bigfactorial\05Bigfactorial.csproj", "{2688CA4E-4037-4501-B676-E59D239F9211}"
EndProject
Project("{FAE04EC0-301F-11D3-BF4B-00C04F79EFBC}") = "06DistanceBetweePoints", "06DistanceBetweePoints\06DistanceBetweePoints.csproj", "{3DDB7705-6E65-412D-96CC-0A45FF7041D2}"
EndProject
Project("{FAE04EC0-301F-11D3-BF4B-00C04F79EFBC}") = "06DistancebetweenPointSecond", "06DistancebetweenPointSecond\06DistancebetweenPointSecond.csproj", "{8F5625CB-87A6-4A65-8921-C10C4FB12C7D}"
EndProject
Global
	GlobalSection(SolutionConfigurationPlatforms) = preSolution
		Debug|Any CPU = Debug|Any CPU
		Release|Any CPU = Release|Any CPU
	EndGlobalSection
	GlobalSection(ProjectConfigurationPlatforms) = postSolution
		{0C77AD05-8118-450F-A84B-08607A0E7215}.Debug|Any CPU.ActiveCfg = Debug|Any CPU
		{0C77AD05-8118-450F-A84B-08607A0E7215}.Debug|Any CPU.Build.0 = Debug|Any CPU
		{0C77AD05-8118-450F-A84B-08607A0E7215}.Release|Any CPU.ActiveCfg = Release|Any CPU
		{0C77AD05-8118-450F-A84B-08607A0E7215}.Release|Any CPU.Build.0 = Release|Any CPU
		{0AC732BD-873B-47F5-937C-F850BF859BF6}.Debug|Any CPU.ActiveCfg = Debug|Any CPU
		{0AC732BD-873B-47F5-937C-F850BF859BF6}.Debug|Any CPU.Build.0 = Debug|Any CPU
		{0AC732BD-873B-47F5-937C-F850BF859BF6}.Release|Any CPU.ActiveCfg = Release|Any CPU
		{0AC732BD-873B-47F5-937C-F850BF859BF6}.Release|Any CPU.Build.0 = Release|Any CPU
		{065FFF18-F3F1-46F3-B9FC-B4DF7AEBFB2A}.Debug|Any CPU.ActiveCfg = Debug|Any CPU
		{065FFF18-F3F1-46F3-B9FC-B4DF7AEBFB2A}.Debug|Any CPU.Build.0 = Debug|Any CPU
		{065FFF18-F3F1-46F3-B9FC-B4DF7AEBFB2A}.Release|Any CPU.ActiveCfg = Release|Any CPU
		{065FFF18-F3F1-46F3-B9FC-B4DF7AEBFB2A}.Release|Any CPU.Build.0 = Release|Any CPU
		{BC0B29AA-291D-4BA6-9A86-590870874036}.Debug|Any CPU.ActiveCfg = Debug|Any CPU
		{BC0B29AA-291D-4BA6-9A86-590870874036}.Debug|Any CPU.Build.0 = Debug|Any CPU
		{BC0B29AA-291D-4BA6-9A86-590870874036}.Release|Any CPU.ActiveCfg = Release|Any CPU
		{BC0B29AA-291D-4BA6-9A86-590870874036}.Release|Any CPU.Build.0 = Release|Any CPU
		{2688CA4E-4037-4501-B676-E59D239F9211}.Debug|Any CPU.ActiveCfg = Debug|Any CPU
		{2688CA4E-4037-4501-B676-E59D239F9211}.Debug|Any CPU.Build.0 = Debug|Any CPU
		{2688CA4E-4037-4501-B676-E59D239F9211}.Release|Any CPU.ActiveCfg = Release|Any CPU
		{2688CA4E-4037-4501-B676-E59D239F9211}.Release|Any CPU.Build.0 = Release|Any CPU
		{3DDB7705-6E65-412D-96CC-0A45FF7041D2}.Debug|Any CPU.ActiveCfg = Debug|Any CPU
		{3DDB7705-6E65-412D-96CC-0A45FF7041D2}.Debug|Any CPU.Build.0 = Debug|Any CPU
		{3DDB7705-6E65-412D-96CC-0A45FF7041D2}.Release|Any CPU.ActiveCfg = Release|Any CPU
		{3DDB7705-6E65-412D-96CC-0A45FF7041D2}.Release|Any CPU.Build.0 = Release|Any CPU
		{8F5625CB-87A6-4A65-8921-C10C4FB12C7D}.Debug|Any CPU.ActiveCfg = Debug|Any CPU
		{8F5625CB-87A6-4A65-8921-C10C4FB12C7D}.Debug|Any CPU.Build.0 = Debug|Any CPU
		{8F5625CB-87A6-4A65-8921-C10C4FB12C7D}.Release|Any CPU.ActiveCfg = Release|Any CPU
		{8F5625CB-87A6-4A65-8921-C10C4FB12C7D}.Release|Any CPU.Build.0 = Release|Any CPU
	EndGlobalSection
	GlobalSection(SolutionProperties) = preSolution
		HideSolutionNode = FALSE
	EndGlobalSection
EndGlobal
