
Microsoft Visual Studio Solution File, Format Version 12.00
# Visual Studio 14
VisualStudioVersion = 14.0.24720.0
MinimumVisualStudioVersion = 10.0.40219.1
Project("{FAE04EC0-301F-11D3-BF4B-00C04F79EFBC}") = "01TheFootballStatistician", "01TheFootballStatistician\01TheFootballStatistician.csproj", "{92AD5D99-B3C6-469C-91E7-3C3D601A2BCC}"
EndProject
Project("{FAE04EC0-301F-11D3-BF4B-00C04F79EFBC}") = "02Car", "02Car\02Car.csproj", "{732F895F-AFD3-4893-9337-D3F8F4BC529B}"
EndProject
Project("{FAE04EC0-301F-11D3-BF4B-00C04F79EFBC}") = "03FirefightingOrganization", "03FirefightingOrganization\03FirefightingOrganization.csproj", "{C3780BF1-20AA-42DA-AE5D-F0C976CDE63E}"
EndProject
Project("{FAE04EC0-301F-11D3-BF4B-00C04F79EFBC}") = "01TheFootballStatistidictionary", "01TheFootballStatistidictionary\01TheFootballStatistidictionary.csproj", "{CD1106EC-5AC4-42B8-85D9-2600BF2FEAA3}"
EndProject
Project("{FAE04EC0-301F-11D3-BF4B-00C04F79EFBC}") = "04MonopolyGame", "04MonopolyGame\04MonopolyGame.csproj", "{A7835861-D6DC-4245-951A-4F093DE4638C}"
EndProject
Project("{FAE04EC0-301F-11D3-BF4B-00C04F79EFBC}") = "09HourAndMinutesSomeExercise", "09HourAndMinutesSomeExercise\09HourAndMinutesSomeExercise.csproj", "{4B593804-2EFA-44BE-A8F0-B3ED3530404E}"
EndProject
Project("{FAE04EC0-301F-11D3-BF4B-00C04F79EFBC}") = "04Monopolys", "04Monopolys\04Monopolys.csproj", "{B528A6F2-5C31-4BCF-82DD-7FAD9F59130A}"
EndProject
Project("{FAE04EC0-301F-11D3-BF4B-00C04F79EFBC}") = "02NameGameIzpit", "02NameGameIzpit\02NameGameIzpit.csproj", "{7A87CA35-F799-4493-8C95-0D157E9F628A}"
EndProject
Global
	GlobalSection(SolutionConfigurationPlatforms) = preSolution
		Debug|Any CPU = Debug|Any CPU
		Release|Any CPU = Release|Any CPU
	EndGlobalSection
	GlobalSection(ProjectConfigurationPlatforms) = postSolution
		{92AD5D99-B3C6-469C-91E7-3C3D601A2BCC}.Debug|Any CPU.ActiveCfg = Debug|Any CPU
		{92AD5D99-B3C6-469C-91E7-3C3D601A2BCC}.Debug|Any CPU.Build.0 = Debug|Any CPU
		{92AD5D99-B3C6-469C-91E7-3C3D601A2BCC}.Release|Any CPU.ActiveCfg = Release|Any CPU
		{92AD5D99-B3C6-469C-91E7-3C3D601A2BCC}.Release|Any CPU.Build.0 = Release|Any CPU
		{732F895F-AFD3-4893-9337-D3F8F4BC529B}.Debug|Any CPU.ActiveCfg = Debug|Any CPU
		{732F895F-AFD3-4893-9337-D3F8F4BC529B}.Debug|Any CPU.Build.0 = Debug|Any CPU
		{732F895F-AFD3-4893-9337-D3F8F4BC529B}.Release|Any CPU.ActiveCfg = Release|Any CPU
		{732F895F-AFD3-4893-9337-D3F8F4BC529B}.Release|Any CPU.Build.0 = Release|Any CPU
		{C3780BF1-20AA-42DA-AE5D-F0C976CDE63E}.Debug|Any CPU.ActiveCfg = Debug|Any CPU
		{C3780BF1-20AA-42DA-AE5D-F0C976CDE63E}.Debug|Any CPU.Build.0 = Debug|Any CPU
		{C3780BF1-20AA-42DA-AE5D-F0C976CDE63E}.Release|Any CPU.ActiveCfg = Release|Any CPU
		{C3780BF1-20AA-42DA-AE5D-F0C976CDE63E}.Release|Any CPU.Build.0 = Release|Any CPU
		{CD1106EC-5AC4-42B8-85D9-2600BF2FEAA3}.Debug|Any CPU.ActiveCfg = Debug|Any CPU
		{CD1106EC-5AC4-42B8-85D9-2600BF2FEAA3}.Debug|Any CPU.Build.0 = Debug|Any CPU
		{CD1106EC-5AC4-42B8-85D9-2600BF2FEAA3}.Release|Any CPU.ActiveCfg = Release|Any CPU
		{CD1106EC-5AC4-42B8-85D9-2600BF2FEAA3}.Release|Any CPU.Build.0 = Release|Any CPU
		{A7835861-D6DC-4245-951A-4F093DE4638C}.Debug|Any CPU.ActiveCfg = Debug|Any CPU
		{A7835861-D6DC-4245-951A-4F093DE4638C}.Debug|Any CPU.Build.0 = Debug|Any CPU
		{A7835861-D6DC-4245-951A-4F093DE4638C}.Release|Any CPU.ActiveCfg = Release|Any CPU
		{A7835861-D6DC-4245-951A-4F093DE4638C}.Release|Any CPU.Build.0 = Release|Any CPU
		{4B593804-2EFA-44BE-A8F0-B3ED3530404E}.Debug|Any CPU.ActiveCfg = Debug|Any CPU
		{4B593804-2EFA-44BE-A8F0-B3ED3530404E}.Debug|Any CPU.Build.0 = Debug|Any CPU
		{4B593804-2EFA-44BE-A8F0-B3ED3530404E}.Release|Any CPU.ActiveCfg = Release|Any CPU
		{4B593804-2EFA-44BE-A8F0-B3ED3530404E}.Release|Any CPU.Build.0 = Release|Any CPU
		{B528A6F2-5C31-4BCF-82DD-7FAD9F59130A}.Debug|Any CPU.ActiveCfg = Debug|Any CPU
		{B528A6F2-5C31-4BCF-82DD-7FAD9F59130A}.Debug|Any CPU.Build.0 = Debug|Any CPU
		{B528A6F2-5C31-4BCF-82DD-7FAD9F59130A}.Release|Any CPU.ActiveCfg = Release|Any CPU
		{B528A6F2-5C31-4BCF-82DD-7FAD9F59130A}.Release|Any CPU.Build.0 = Release|Any CPU
		{7A87CA35-F799-4493-8C95-0D157E9F628A}.Debug|Any CPU.ActiveCfg = Debug|Any CPU
		{7A87CA35-F799-4493-8C95-0D157E9F628A}.Debug|Any CPU.Build.0 = Debug|Any CPU
		{7A87CA35-F799-4493-8C95-0D157E9F628A}.Release|Any CPU.ActiveCfg = Release|Any CPU
		{7A87CA35-F799-4493-8C95-0D157E9F628A}.Release|Any CPU.Build.0 = Release|Any CPU
	EndGlobalSection
	GlobalSection(SolutionProperties) = preSolution
		HideSolutionNode = FALSE
	EndGlobalSection
EndGlobal
