
Microsoft Visual Studio Solution File, Format Version 12.00
# Visual Studio 14
VisualStudioVersion = 14.0.23107.0
MinimumVisualStudioVersion = 10.0.40219.1
Project("{FAE04EC0-301F-11D3-BF4B-00C04F79EFBC}") = "01SumOf3Numbers", "01SumOf3Numbers\01SumOf3Numbers.csproj", "{539074C9-ABCA-4AB1-9043-37A8F422EF30}"
EndProject
Project("{FAE04EC0-301F-11D3-BF4B-00C04F79EFBC}") = "02PrintCompanyInformation", "02PrintCompanyInformation\02PrintCompanyInformation.csproj", "{B279B0AA-8907-42C9-A765-802C96E70EB8}"
EndProject
Project("{FAE04EC0-301F-11D3-BF4B-00C04F79EFBC}") = "03CirclePerimeterAndArea", "03CirclePerimeterAndArea\03CirclePerimeterAndArea.csproj", "{B8D1FC77-1E7A-4524-BE4A-C5D7CF44B003}"
EndProject
Project("{FAE04EC0-301F-11D3-BF4B-00C04F79EFBC}") = "04NumberComparer", "04NumberComparer\04NumberComparer.csproj", "{ADB867EA-4AEA-4A44-99B6-3584B75A90C9}"
EndProject
Project("{FAE04EC0-301F-11D3-BF4B-00C04F79EFBC}") = "05FormattingNumbers", "05FormattingNumbers\05FormattingNumbers.csproj", "{2F4C2E86-F7EB-463C-AC9E-E1FF62F61D52}"
EndProject
Project("{FAE04EC0-301F-11D3-BF4B-00C04F79EFBC}") = "06QuadraticEquation", "06QuadraticEquation\06QuadraticEquation.csproj", "{022F6A24-F3E0-4F7E-8B06-BE925C92684D}"
EndProject
Project("{FAE04EC0-301F-11D3-BF4B-00C04F79EFBC}") = "07SumOf5Numbers", "07SumOf5Numbers\07SumOf5Numbers.csproj", "{466373D1-FA52-4F7E-9B52-10F0AC73ED10}"
EndProject
Project("{FAE04EC0-301F-11D3-BF4B-00C04F79EFBC}") = "08NumbersFrom1ToN", "08NumbersFrom1ToN\08NumbersFrom1ToN.csproj", "{B04B81F0-3195-43D4-BB0F-6F2F42C10851}"
EndProject
Project("{FAE04EC0-301F-11D3-BF4B-00C04F79EFBC}") = "09SumOfNNumbers", "09SumOfNNumbers\09SumOfNNumbers.csproj", "{842DC2F2-C463-414B-BE8D-F4454F911BDB}"
EndProject
Project("{FAE04EC0-301F-11D3-BF4B-00C04F79EFBC}") = "10FibonacciNumbers", "10FibonacciNumbers\10FibonacciNumbers.csproj", "{E8BC6725-4AB1-4734-A79B-72E67D2E426E}"
EndProject
Project("{FAE04EC0-301F-11D3-BF4B-00C04F79EFBC}") = "11NumbersInIntervalDividableByGivenNumber", "11NumbersInIntervalDividableByGivenNumber\11NumbersInIntervalDividableByGivenNumber.csproj", "{4C147549-B663-4968-AB29-54A6F623E0F1}"
EndProject
Project("{FAE04EC0-301F-11D3-BF4B-00C04F79EFBC}") = "12FallingRocks", "12FallingRocks\12FallingRocks.csproj", "{1590607C-00D3-4A96-9CE3-0E1C77493558}"
EndProject
Project("{FAE04EC0-301F-11D3-BF4B-00C04F79EFBC}") = "13CurrencyCheck", "13CurrencyCheck\13CurrencyCheck.csproj", "{9A026195-57AE-48FA-8275-D52197856019}"
EndProject
Project("{FAE04EC0-301F-11D3-BF4B-00C04F79EFBC}") = "14DreamItem", "14DreamItem\14DreamItem.csproj", "{BA0ADA75-16CB-4A88-875D-BB8214C5E65F}"
EndProject
Project("{FAE04EC0-301F-11D3-BF4B-00C04F79EFBC}") = "14DreamingItemSecond", "14DreamingItemSecond\14DreamingItemSecond.csproj", "{E9012E20-AC7C-4724-B0AF-4E073A78E075}"
EndProject
Project("{FAE04EC0-301F-11D3-BF4B-00C04F79EFBC}") = "15MagicWand", "15MagicWand\15MagicWand.csproj", "{2BDBAEC4-CE0C-4023-8F06-B1DC06EADF3E}"
EndProject
Project("{FAE04EC0-301F-11D3-BF4B-00C04F79EFBC}") = "16ArrayMatcher", "16ArrayMatcher\16ArrayMatcher.csproj", "{46A3950E-2910-49EB-9E83-D24540A7AA4D}"
EndProject
Project("{FAE04EC0-301F-11D3-BF4B-00C04F79EFBC}") = "16ArrayMatcherSecond", "16ArrayMatcherSecond\16ArrayMatcherSecond.csproj", "{63952F34-ED45-4196-A55A-5FD22B7F82D6}"
EndProject
Project("{FAE04EC0-301F-11D3-BF4B-00C04F79EFBC}") = "17KnightPath", "17KnightPath\17KnightPath.csproj", "{11688506-6445-4E9B-804D-12AD641CF930}"
EndProject
Global
	GlobalSection(SolutionConfigurationPlatforms) = preSolution
		Debug|Any CPU = Debug|Any CPU
		Debug|x86 = Debug|x86
		Release|Any CPU = Release|Any CPU
		Release|x86 = Release|x86
	EndGlobalSection
	GlobalSection(ProjectConfigurationPlatforms) = postSolution
		{539074C9-ABCA-4AB1-9043-37A8F422EF30}.Debug|Any CPU.ActiveCfg = Debug|x86
		{539074C9-ABCA-4AB1-9043-37A8F422EF30}.Debug|x86.ActiveCfg = Debug|x86
		{539074C9-ABCA-4AB1-9043-37A8F422EF30}.Debug|x86.Build.0 = Debug|x86
		{539074C9-ABCA-4AB1-9043-37A8F422EF30}.Release|Any CPU.ActiveCfg = Release|x86
		{539074C9-ABCA-4AB1-9043-37A8F422EF30}.Release|x86.ActiveCfg = Release|x86
		{539074C9-ABCA-4AB1-9043-37A8F422EF30}.Release|x86.Build.0 = Release|x86
		{B279B0AA-8907-42C9-A765-802C96E70EB8}.Debug|Any CPU.ActiveCfg = Debug|x86
		{B279B0AA-8907-42C9-A765-802C96E70EB8}.Debug|x86.ActiveCfg = Debug|x86
		{B279B0AA-8907-42C9-A765-802C96E70EB8}.Debug|x86.Build.0 = Debug|x86
		{B279B0AA-8907-42C9-A765-802C96E70EB8}.Release|Any CPU.ActiveCfg = Release|x86
		{B279B0AA-8907-42C9-A765-802C96E70EB8}.Release|x86.ActiveCfg = Release|x86
		{B279B0AA-8907-42C9-A765-802C96E70EB8}.Release|x86.Build.0 = Release|x86
		{B8D1FC77-1E7A-4524-BE4A-C5D7CF44B003}.Debug|Any CPU.ActiveCfg = Debug|x86
		{B8D1FC77-1E7A-4524-BE4A-C5D7CF44B003}.Debug|x86.ActiveCfg = Debug|x86
		{B8D1FC77-1E7A-4524-BE4A-C5D7CF44B003}.Debug|x86.Build.0 = Debug|x86
		{B8D1FC77-1E7A-4524-BE4A-C5D7CF44B003}.Release|Any CPU.ActiveCfg = Release|x86
		{B8D1FC77-1E7A-4524-BE4A-C5D7CF44B003}.Release|x86.ActiveCfg = Release|x86
		{B8D1FC77-1E7A-4524-BE4A-C5D7CF44B003}.Release|x86.Build.0 = Release|x86
		{ADB867EA-4AEA-4A44-99B6-3584B75A90C9}.Debug|Any CPU.ActiveCfg = Debug|x86
		{ADB867EA-4AEA-4A44-99B6-3584B75A90C9}.Debug|x86.ActiveCfg = Debug|x86
		{ADB867EA-4AEA-4A44-99B6-3584B75A90C9}.Debug|x86.Build.0 = Debug|x86
		{ADB867EA-4AEA-4A44-99B6-3584B75A90C9}.Release|Any CPU.ActiveCfg = Release|x86
		{ADB867EA-4AEA-4A44-99B6-3584B75A90C9}.Release|x86.ActiveCfg = Release|x86
		{ADB867EA-4AEA-4A44-99B6-3584B75A90C9}.Release|x86.Build.0 = Release|x86
		{2F4C2E86-F7EB-463C-AC9E-E1FF62F61D52}.Debug|Any CPU.ActiveCfg = Debug|x86
		{2F4C2E86-F7EB-463C-AC9E-E1FF62F61D52}.Debug|x86.ActiveCfg = Debug|x86
		{2F4C2E86-F7EB-463C-AC9E-E1FF62F61D52}.Debug|x86.Build.0 = Debug|x86
		{2F4C2E86-F7EB-463C-AC9E-E1FF62F61D52}.Release|Any CPU.ActiveCfg = Release|x86
		{2F4C2E86-F7EB-463C-AC9E-E1FF62F61D52}.Release|x86.ActiveCfg = Release|x86
		{2F4C2E86-F7EB-463C-AC9E-E1FF62F61D52}.Release|x86.Build.0 = Release|x86
		{022F6A24-F3E0-4F7E-8B06-BE925C92684D}.Debug|Any CPU.ActiveCfg = Debug|x86
		{022F6A24-F3E0-4F7E-8B06-BE925C92684D}.Debug|x86.ActiveCfg = Debug|x86
		{022F6A24-F3E0-4F7E-8B06-BE925C92684D}.Debug|x86.Build.0 = Debug|x86
		{022F6A24-F3E0-4F7E-8B06-BE925C92684D}.Release|Any CPU.ActiveCfg = Release|x86
		{022F6A24-F3E0-4F7E-8B06-BE925C92684D}.Release|x86.ActiveCfg = Release|x86
		{022F6A24-F3E0-4F7E-8B06-BE925C92684D}.Release|x86.Build.0 = Release|x86
		{466373D1-FA52-4F7E-9B52-10F0AC73ED10}.Debug|Any CPU.ActiveCfg = Debug|x86
		{466373D1-FA52-4F7E-9B52-10F0AC73ED10}.Debug|x86.ActiveCfg = Debug|x86
		{466373D1-FA52-4F7E-9B52-10F0AC73ED10}.Debug|x86.Build.0 = Debug|x86
		{466373D1-FA52-4F7E-9B52-10F0AC73ED10}.Release|Any CPU.ActiveCfg = Release|x86
		{466373D1-FA52-4F7E-9B52-10F0AC73ED10}.Release|x86.ActiveCfg = Release|x86
		{466373D1-FA52-4F7E-9B52-10F0AC73ED10}.Release|x86.Build.0 = Release|x86
		{B04B81F0-3195-43D4-BB0F-6F2F42C10851}.Debug|Any CPU.ActiveCfg = Debug|x86
		{B04B81F0-3195-43D4-BB0F-6F2F42C10851}.Debug|x86.ActiveCfg = Debug|x86
		{B04B81F0-3195-43D4-BB0F-6F2F42C10851}.Debug|x86.Build.0 = Debug|x86
		{B04B81F0-3195-43D4-BB0F-6F2F42C10851}.Release|Any CPU.ActiveCfg = Release|x86
		{B04B81F0-3195-43D4-BB0F-6F2F42C10851}.Release|x86.ActiveCfg = Release|x86
		{B04B81F0-3195-43D4-BB0F-6F2F42C10851}.Release|x86.Build.0 = Release|x86
		{842DC2F2-C463-414B-BE8D-F4454F911BDB}.Debug|Any CPU.ActiveCfg = Debug|x86
		{842DC2F2-C463-414B-BE8D-F4454F911BDB}.Debug|x86.ActiveCfg = Debug|x86
		{842DC2F2-C463-414B-BE8D-F4454F911BDB}.Debug|x86.Build.0 = Debug|x86
		{842DC2F2-C463-414B-BE8D-F4454F911BDB}.Release|Any CPU.ActiveCfg = Release|x86
		{842DC2F2-C463-414B-BE8D-F4454F911BDB}.Release|x86.ActiveCfg = Release|x86
		{842DC2F2-C463-414B-BE8D-F4454F911BDB}.Release|x86.Build.0 = Release|x86
		{E8BC6725-4AB1-4734-A79B-72E67D2E426E}.Debug|Any CPU.ActiveCfg = Debug|x86
		{E8BC6725-4AB1-4734-A79B-72E67D2E426E}.Debug|x86.ActiveCfg = Debug|x86
		{E8BC6725-4AB1-4734-A79B-72E67D2E426E}.Debug|x86.Build.0 = Debug|x86
		{E8BC6725-4AB1-4734-A79B-72E67D2E426E}.Release|Any CPU.ActiveCfg = Release|x86
		{E8BC6725-4AB1-4734-A79B-72E67D2E426E}.Release|x86.ActiveCfg = Release|x86
		{E8BC6725-4AB1-4734-A79B-72E67D2E426E}.Release|x86.Build.0 = Release|x86
		{4C147549-B663-4968-AB29-54A6F623E0F1}.Debug|Any CPU.ActiveCfg = Debug|x86
		{4C147549-B663-4968-AB29-54A6F623E0F1}.Debug|x86.ActiveCfg = Debug|x86
		{4C147549-B663-4968-AB29-54A6F623E0F1}.Debug|x86.Build.0 = Debug|x86
		{4C147549-B663-4968-AB29-54A6F623E0F1}.Release|Any CPU.ActiveCfg = Release|x86
		{4C147549-B663-4968-AB29-54A6F623E0F1}.Release|x86.ActiveCfg = Release|x86
		{4C147549-B663-4968-AB29-54A6F623E0F1}.Release|x86.Build.0 = Release|x86
		{1590607C-00D3-4A96-9CE3-0E1C77493558}.Debug|Any CPU.ActiveCfg = Debug|x86
		{1590607C-00D3-4A96-9CE3-0E1C77493558}.Debug|x86.ActiveCfg = Debug|x86
		{1590607C-00D3-4A96-9CE3-0E1C77493558}.Debug|x86.Build.0 = Debug|x86
		{1590607C-00D3-4A96-9CE3-0E1C77493558}.Release|Any CPU.ActiveCfg = Release|x86
		{1590607C-00D3-4A96-9CE3-0E1C77493558}.Release|x86.ActiveCfg = Release|x86
		{1590607C-00D3-4A96-9CE3-0E1C77493558}.Release|x86.Build.0 = Release|x86
		{9A026195-57AE-48FA-8275-D52197856019}.Debug|Any CPU.ActiveCfg = Debug|x86
		{9A026195-57AE-48FA-8275-D52197856019}.Debug|x86.ActiveCfg = Debug|x86
		{9A026195-57AE-48FA-8275-D52197856019}.Debug|x86.Build.0 = Debug|x86
		{9A026195-57AE-48FA-8275-D52197856019}.Release|Any CPU.ActiveCfg = Release|x86
		{9A026195-57AE-48FA-8275-D52197856019}.Release|x86.ActiveCfg = Release|x86
		{9A026195-57AE-48FA-8275-D52197856019}.Release|x86.Build.0 = Release|x86
		{BA0ADA75-16CB-4A88-875D-BB8214C5E65F}.Debug|Any CPU.ActiveCfg = Debug|x86
		{BA0ADA75-16CB-4A88-875D-BB8214C5E65F}.Debug|x86.ActiveCfg = Debug|x86
		{BA0ADA75-16CB-4A88-875D-BB8214C5E65F}.Debug|x86.Build.0 = Debug|x86
		{BA0ADA75-16CB-4A88-875D-BB8214C5E65F}.Release|Any CPU.ActiveCfg = Release|x86
		{BA0ADA75-16CB-4A88-875D-BB8214C5E65F}.Release|x86.ActiveCfg = Release|x86
		{BA0ADA75-16CB-4A88-875D-BB8214C5E65F}.Release|x86.Build.0 = Release|x86
		{E9012E20-AC7C-4724-B0AF-4E073A78E075}.Debug|Any CPU.ActiveCfg = Debug|x86
		{E9012E20-AC7C-4724-B0AF-4E073A78E075}.Debug|x86.ActiveCfg = Debug|x86
		{E9012E20-AC7C-4724-B0AF-4E073A78E075}.Debug|x86.Build.0 = Debug|x86
		{E9012E20-AC7C-4724-B0AF-4E073A78E075}.Release|Any CPU.ActiveCfg = Release|x86
		{E9012E20-AC7C-4724-B0AF-4E073A78E075}.Release|x86.ActiveCfg = Release|x86
		{E9012E20-AC7C-4724-B0AF-4E073A78E075}.Release|x86.Build.0 = Release|x86
		{2BDBAEC4-CE0C-4023-8F06-B1DC06EADF3E}.Debug|Any CPU.ActiveCfg = Debug|x86
		{2BDBAEC4-CE0C-4023-8F06-B1DC06EADF3E}.Debug|x86.ActiveCfg = Debug|x86
		{2BDBAEC4-CE0C-4023-8F06-B1DC06EADF3E}.Debug|x86.Build.0 = Debug|x86
		{2BDBAEC4-CE0C-4023-8F06-B1DC06EADF3E}.Release|Any CPU.ActiveCfg = Release|x86
		{2BDBAEC4-CE0C-4023-8F06-B1DC06EADF3E}.Release|x86.ActiveCfg = Release|x86
		{2BDBAEC4-CE0C-4023-8F06-B1DC06EADF3E}.Release|x86.Build.0 = Release|x86
		{46A3950E-2910-49EB-9E83-D24540A7AA4D}.Debug|Any CPU.ActiveCfg = Debug|Any CPU
		{46A3950E-2910-49EB-9E83-D24540A7AA4D}.Debug|Any CPU.Build.0 = Debug|Any CPU
		{46A3950E-2910-49EB-9E83-D24540A7AA4D}.Debug|x86.ActiveCfg = Debug|Any CPU
		{46A3950E-2910-49EB-9E83-D24540A7AA4D}.Debug|x86.Build.0 = Debug|Any CPU
		{46A3950E-2910-49EB-9E83-D24540A7AA4D}.Release|Any CPU.ActiveCfg = Release|Any CPU
		{46A3950E-2910-49EB-9E83-D24540A7AA4D}.Release|Any CPU.Build.0 = Release|Any CPU
		{46A3950E-2910-49EB-9E83-D24540A7AA4D}.Release|x86.ActiveCfg = Release|Any CPU
		{46A3950E-2910-49EB-9E83-D24540A7AA4D}.Release|x86.Build.0 = Release|Any CPU
		{63952F34-ED45-4196-A55A-5FD22B7F82D6}.Debug|Any CPU.ActiveCfg = Debug|Any CPU
		{63952F34-ED45-4196-A55A-5FD22B7F82D6}.Debug|Any CPU.Build.0 = Debug|Any CPU
		{63952F34-ED45-4196-A55A-5FD22B7F82D6}.Debug|x86.ActiveCfg = Debug|Any CPU
		{63952F34-ED45-4196-A55A-5FD22B7F82D6}.Debug|x86.Build.0 = Debug|Any CPU
		{63952F34-ED45-4196-A55A-5FD22B7F82D6}.Release|Any CPU.ActiveCfg = Release|Any CPU
		{63952F34-ED45-4196-A55A-5FD22B7F82D6}.Release|Any CPU.Build.0 = Release|Any CPU
		{63952F34-ED45-4196-A55A-5FD22B7F82D6}.Release|x86.ActiveCfg = Release|Any CPU
		{63952F34-ED45-4196-A55A-5FD22B7F82D6}.Release|x86.Build.0 = Release|Any CPU
		{11688506-6445-4E9B-804D-12AD641CF930}.Debug|Any CPU.ActiveCfg = Debug|Any CPU
		{11688506-6445-4E9B-804D-12AD641CF930}.Debug|Any CPU.Build.0 = Debug|Any CPU
		{11688506-6445-4E9B-804D-12AD641CF930}.Debug|x86.ActiveCfg = Debug|Any CPU
		{11688506-6445-4E9B-804D-12AD641CF930}.Debug|x86.Build.0 = Debug|Any CPU
		{11688506-6445-4E9B-804D-12AD641CF930}.Release|Any CPU.ActiveCfg = Release|Any CPU
		{11688506-6445-4E9B-804D-12AD641CF930}.Release|Any CPU.Build.0 = Release|Any CPU
		{11688506-6445-4E9B-804D-12AD641CF930}.Release|x86.ActiveCfg = Release|Any CPU
		{11688506-6445-4E9B-804D-12AD641CF930}.Release|x86.Build.0 = Release|Any CPU
	EndGlobalSection
	GlobalSection(SolutionProperties) = preSolution
		HideSolutionNode = FALSE
	EndGlobalSection
EndGlobal
